{
  "object": {
    "pins": [
      {
        "package": "async-http-client",
        "repositoryURL": "https://github.com/swift-server/async-http-client.git",
        "state": {
          "branch": null,
          "revision": "ba845ee93d6ea10671e829ebf273b6f7a0c92ef0",
          "version": "1.2.4"
        }
      },
      {
        "package": "async-kit",
        "repositoryURL": "https://github.com/vapor/async-kit.git",
        "state": {
          "branch": null,
          "revision": "5760c79afb8ebc24fd3251fdd9724af225fdf1f9",
          "version": "1.3.0"
        }
      },
      {
        "package": "console-kit",
        "repositoryURL": "https://github.com/vapor/console-kit.git",
        "state": {
          "branch": null,
          "revision": "08f36a30e0893e6a52fefbf1c2db4a6bc1288ba2",
          "version": "4.2.5"
        }
      },
      {
        "package": "content-api",
        "repositoryURL": "https://github.com/binarybirds/content-api",
        "state": {
          "branch": null,
          "revision": "cfdc392c845bfd0f57d5b6589574708f4b99dcd8",
          "version": "1.1.0-beta.2"
        }
      },
      {
        "package": "feather-core",
        "repositoryURL": "https://github.com/binarybirds/feather-core",
        "state": {
          "branch": null,
          "revision": "8e6b23f0cfc7fa836ff3afff9dec57b9d0ef02a3",
          "version": "1.0.0-beta.40"
        }
      },
      {
        "package": "fluent",
        "repositoryURL": "https://github.com/vapor/fluent",
        "state": {
          "branch": null,
          "revision": "4004e926cdef1fbb937501c8a60554349cced675",
          "version": "4.2.0"
        }
      },
      {
        "package": "fluent-kit",
        "repositoryURL": "https://github.com/vapor/fluent-kit.git",
        "state": {
          "branch": null,
          "revision": "7f1a5fe1effeee258ef0012def798e4bad43303d",
          "version": "1.10.3"
        }
      },
      {
        "package": "leaf",
        "repositoryURL": "https://github.com/vapor/leaf",
        "state": {
          "branch": null,
          "revision": "a8348b682ec14a863cc470a2da8f0ebc262c6088",
          "version": "4.0.0-tau.1"
        }
      },
      {
        "package": "leaf-foundation",
        "repositoryURL": "https://github.com/binarybirds/leaf-foundation",
        "state": {
          "branch": null,
          "revision": "eb1b7ce84c89cc1e209299f0b543a96e0ab2ba79",
          "version": "1.0.0-beta.8.1"
        }
      },
      {
        "package": "leaf-kit",
        "repositoryURL": "https://github.com/vapor/leaf-kit",
        "state": {
          "branch": null,
          "revision": "8b965e6e2eadfe5914ea133669368aceb2b89ccb",
          "version": "1.0.0-tau.1.1"
        }
      },
      {
        "package": "liquid",
        "repositoryURL": "https://github.com/binarybirds/liquid",
        "state": {
          "branch": null,
          "revision": "092ec3bd50ef68627c80416ad7f4394a3c240389",
          "version": "1.2.0-beta.2"
        }
      },
      {
        "package": "liquid-kit",
        "repositoryURL": "https://github.com/binarybirds/liquid-kit.git",
        "state": {
          "branch": null,
          "revision": "c32f534f2e401f6ee422abbd0d1b9c0ec4422500",
          "version": "1.2.0-beta.6"
        }
      },
      {
        "package": "multipart-kit",
        "repositoryURL": "https://github.com/vapor/multipart-kit.git",
        "state": {
          "branch": null,
          "revision": "73706f1883f2ba950d41f18aec7e3a53766d4a6d",
          "version": "4.0.0"
        }
      },
      {
        "package": "routing-kit",
        "repositoryURL": "https://github.com/vapor/routing-kit.git",
        "state": {
          "branch": null,
          "revision": "4cf052b78aebaf1b23f2264ce04d57b4b6eb5254",
          "version": "4.2.0"
        }
      },
      {
        "package": "sql-kit",
        "repositoryURL": "https://github.com/vapor/sql-kit.git",
        "state": {
          "branch": null,
          "revision": "6401540d12f5637b5b59707cf86f72504c34010f",
          "version": "3.8.0"
        }
      },
      {
        "package": "swift-backtrace",
        "repositoryURL": "https://github.com/swift-server/swift-backtrace.git",
        "state": {
          "branch": null,
          "revision": "93b3d9a76454e05379a32a2f3b2a1f5a7794b414",
          "version": "1.2.1"
        }
      },
      {
        "package": "swift-crypto",
        "repositoryURL": "https://github.com/apple/swift-crypto.git",
        "state": {
          "branch": null,
          "revision": "296d3308b4b2fa355cfe0de4ca411bf7a1cd8cf8",
          "version": "1.1.4"
        }
      },
      {
        "package": "swift-log",
        "repositoryURL": "https://github.com/apple/swift-log.git",
        "state": {
          "branch": null,
          "revision": "12d3a8651d32295794a850307f77407f95b8c881",
          "version": "1.4.1"
        }
      },
      {
        "package": "swift-metrics",
        "repositoryURL": "https://github.com/apple/swift-metrics.git",
        "state": {
          "branch": null,
          "revision": "e382458581b05839a571c578e90060fff499f101",
          "version": "2.1.1"
        }
      },
      {
        "package": "swift-nio",
        "repositoryURL": "https://github.com/apple/swift-nio.git",
        "state": {
          "branch": null,
          "revision": "6d3ca7e54e06a69d0f2612c2ce8bb8b7319085a4",
          "version": "2.26.0"
        }
      },
      {
        "package": "swift-nio-extras",
        "repositoryURL": "https://github.com/apple/swift-nio-extras.git",
        "state": {
          "branch": null,
          "revision": "de1c80ad1fdff1ba772bcef6b392c3ef735f39a6",
          "version": "1.8.0"
        }
      },
      {
        "package": "swift-nio-http2",
        "repositoryURL": "https://github.com/apple/swift-nio-http2.git",
        "state": {
          "branch": null,
          "revision": "f4736a3b78a2bbe3feb7fc0f33f6683a8c27974c",
          "version": "1.16.3"
        }
      },
      {
        "package": "swift-nio-ssl",
        "repositoryURL": "https://github.com/apple/swift-nio-ssl.git",
        "state": {
          "branch": null,
          "revision": "bbb38fbcbbe9dc4665b2c638dfa5681b01079bfb",
          "version": "2.10.4"
        }
      },
      {
        "package": "swift-nio-transport-services",
        "repositoryURL": "https://github.com/apple/swift-nio-transport-services.git",
        "state": {
          "branch": null,
          "revision": "1d28d48e071727f4558a8a4bb1894472abc47a58",
          "version": "1.9.2"
        }
      },
      {
        "package": "vapor",
        "repositoryURL": "https://github.com/vapor/vapor",
        "state": {
          "branch": null,
          "revision": "8c68cc17b7f4a95010c47d06707cfb1734e4629b",
          "version": "4.41.0"
        }
      },
      {
        "package": "view-kit",
        "repositoryURL": "https://github.com/binarybirds/view-kit",
        "state": {
          "branch": null,
          "revision": "2e7a0384d8694923e59f3d7ba66344a47c2b8c4f",
          "version": "1.3.0-beta.28"
        }
      },
      {
        "package": "viper-kit",
        "repositoryURL": "https://github.com/binarybirds/viper-kit",
        "state": {
          "branch": null,
          "revision": "a7ce44e9ba96eddfc60299c2067ddf057d9da351",
          "version": "1.5.0-beta.8"
        }
      },
      {
        "package": "websocket-kit",
        "repositoryURL": "https://github.com/vapor/websocket-kit.git",
        "state": {
          "branch": null,
          "revision": "2b06a70dfcfa76a2e5079f60e3ae911511f09db0",
          "version": "2.1.2"
        }
      }
    ]
  },
  "version": 1
}
